// !$*UTF8*$!
{
	archiveVersion = 1;
	classes = {
	};
	objectVersion = 46;
	objects = {

/* Begin PBXBuildFile section */
		18BA89F31EB14E0100F218FC /* AppDelegate.swift in Sources */ = {isa = PBXBuildFile; fileRef = 18BA89F21EB14E0100F218FC /* AppDelegate.swift */; };
		18BA89F51EB14E0100F218FC /* ViewController.swift in Sources */ = {isa = PBXBuildFile; fileRef = 18BA89F41EB14E0100F218FC /* ViewController.swift */; };
		18BA89F81EB14E0100F218FC /* Main.storyboard in Resources */ = {isa = PBXBuildFile; fileRef = 18BA89F61EB14E0100F218FC /* Main.storyboard */; };
		18BA89FA1EB14E0100F218FC /* Assets.xcassets in Resources */ = {isa = PBXBuildFile; fileRef = 18BA89F91EB14E0100F218FC /* Assets.xcassets */; };
		18BA89FD1EB14E0100F218FC /* LaunchScreen.storyboard in Resources */ = {isa = PBXBuildFile; fileRef = 18BA89FB1EB14E0100F218FC /* LaunchScreen.storyboard */; };
		18BA8A081EB14E0100F218FC /* calculCoolTests.swift in Sources */ = {isa = PBXBuildFile; fileRef = 18BA8A071EB14E0100F218FC /* calculCoolTests.swift */; };
		18BA8A131EB14E0100F218FC /* calculCoolUITests.swift in Sources */ = {isa = PBXBuildFile; fileRef = 18BA8A121EB14E0100F218FC /* calculCoolUITests.swift */; };
		18BA8A221EB14F0700F218FC /* myMind.swift in Sources */ = {isa = PBXBuildFile; fileRef = 18BA8A211EB14F0700F218FC /* myMind.swift */; };
/* End PBXBuildFile section */

/* Begin PBXContainerItemProxy section */
		18BA8A041EB14E0100F218FC /* PBXContainerItemProxy */ = {
			isa = PBXContainerItemProxy;
			containerPortal = 18BA89E71EB14E0100F218FC /* Project object */;
			proxyType = 1;
			remoteGlobalIDString = 18BA89EE1EB14E0100F218FC;
			remoteInfo = calculCool;
		};
		18BA8A0F1EB14E0100F218FC /* PBXContainerItemProxy */ = {
			isa = PBXContainerItemProxy;
			containerPortal = 18BA89E71EB14E0100F218FC /* Project object */;
			proxyType = 1;
			remoteGlobalIDString = 18BA89EE1EB14E0100F218FC;
			remoteInfo = calculCool;
		};
/* End PBXContainerItemProxy section */

/* Begin PBXFileReference section */
		18BA89EF1EB14E0100F218FC /* calculCool.app */ = {isa = PBXFileReference; explicitFileType = wrapper.application; includeInIndex = 0; path = calculCool.app; sourceTree = BUILT_PRODUCTS_DIR; };
		18BA89F21EB14E0100F218FC /* AppDelegate.swift */ = {isa = PBXFileReference; lastKnownFileType = sourcecode.swift; path = AppDelegate.swift; sourceTree = "<group>"; };
		18BA89F41EB14E0100F218FC /* ViewController.swift */ = {isa = PBXFileReference; lastKnownFileType = sourcecode.swift; path = ViewController.swift; sourceTree = "<group>"; };
		18BA89F71EB14E0100F218FC /* Base */ = {isa = PBXFileReference; lastKnownFileType = file.storyboard; name = Base; path = Base.lproj/Main.storyboard; sourceTree = "<group>"; };
		18BA89F91EB14E0100F218FC /* Assets.xcassets */ = {isa = PBXFileReference; lastKnownFileType = folder.assetcatalog; path = Assets.xcassets; sourceTree = "<group>"; };
		18BA89FC1EB14E0100F218FC /* Base */ = {isa = PBXFileReference; lastKnownFileType = file.storyboard; name = Base; path = Base.lproj/LaunchScreen.storyboard; sourceTree = "<group>"; };
		18BA89FE1EB14E0100F218FC /* Info.plist */ = {isa = PBXFileReference; lastKnownFileType = text.plist.xml; path = Info.plist; sourceTree = "<group>"; };
		18BA8A031EB14E0100F218FC /* calculCoolTests.xctest */ = {isa = PBXFileReference; explicitFileType = wrapper.cfbundle; includeInIndex = 0; path = calculCoolTests.xctest; sourceTree = BUILT_PRODUCTS_DIR; };
		18BA8A071EB14E0100F218FC /* calculCoolTests.swift */ = {isa = PBXFileReference; lastKnownFileType = sourcecode.swift; path = calculCoolTests.swift; sourceTree = "<group>"; };
		18BA8A091EB14E0100F218FC /* Info.plist */ = {isa = PBXFileReference; lastKnownFileType = text.plist.xml; path = Info.plist; sourceTree = "<group>"; };
		18BA8A0E1EB14E0100F218FC /* calculCoolUITests.xctest */ = {isa = PBXFileReference; explicitFileType = wrapper.cfbundle; includeInIndex = 0; path = calculCoolUITests.xctest; sourceTree = BUILT_PRODUCTS_DIR; };
		18BA8A121EB14E0100F218FC /* calculCoolUITests.swift */ = {isa = PBXFileReference; lastKnownFileType = sourcecode.swift; path = calculCoolUITests.swift; sourceTree = "<group>"; };
		18BA8A141EB14E0100F218FC /* Info.plist */ = {isa = PBXFileReference; lastKnownFileType = text.plist.xml; path = Info.plist; sourceTree = "<group>"; };
		18BA8A211EB14F0700F218FC /* myMind.swift */ = {isa = PBXFileReference; fileEncoding = 4; lastKnownFileType = sourcecode.swift; path = myMind.swift; sourceTree = "<group>"; };
/* End PBXFileReference section */

/* Begin PBXFrameworksBuildPhase section */
		18BA89EC1EB14E0100F218FC /* Frameworks */ = {
			isa = PBXFrameworksBuildPhase;
			buildActionMask = 2147483647;
			files = (
			);
			runOnlyForDeploymentPostprocessing = 0;
		};
		18BA8A001EB14E0100F218FC /* Frameworks */ = {
			isa = PBXFrameworksBuildPhase;
			buildActionMask = 2147483647;
			files = (
			);
			runOnlyForDeploymentPostprocessing = 0;
		};
		18BA8A0B1EB14E0100F218FC /* Frameworks */ = {
			isa = PBXFrameworksBuildPhase;
			buildActionMask = 2147483647;
			files = (
			);
			runOnlyForDeploymentPostprocessing = 0;
		};
/* End PBXFrameworksBuildPhase section */

/* Begin PBXGroup section */
		18BA89E61EB14E0100F218FC = {
			isa = PBXGroup;
			children = (
				18BA89F11EB14E0100F218FC /* calculCool */,
				18BA8A061EB14E0100F218FC /* calculCoolTests */,
				18BA8A111EB14E0100F218FC /* calculCoolUITests */,
				18BA89F01EB14E0100F218FC /* Products */,
			);
			sourceTree = "<group>";
		};
		18BA89F01EB14E0100F218FC /* Products */ = {
			isa = PBXGroup;
			children = (
				18BA89EF1EB14E0100F218FC /* calculCool.app */,
				18BA8A031EB14E0100F218FC /* calculCoolTests.xctest */,
				18BA8A0E1EB14E0100F218FC /* calculCoolUITests.xctest */,
			);
			name = Products;
			sourceTree = "<group>";
		};
		18BA89F11EB14E0100F218FC /* calculCool */ = {
			isa = PBXGroup;
			children = (
				18BA8A201EB14E2A00F218FC /* bagage */,
				18BA89F41EB14E0100F218FC /* ViewController.swift */,
				18BA8A211EB14F0700F218FC /* myMind.swift */,
				18BA89F61EB14E0100F218FC /* Main.storyboard */,
			);
			path = calculCool;
			sourceTree = "<group>";
		};
		18BA8A061EB14E0100F218FC /* calculCoolTests */ = {
			isa = PBXGroup;
			children = (
				18BA8A071EB14E0100F218FC /* calculCoolTests.swift */,
				18BA8A091EB14E0100F218FC /* Info.plist */,
			);
			path = calculCoolTests;
			sourceTree = "<group>";
		};
		18BA8A111EB14E0100F218FC /* calculCoolUITests */ = {
			isa = PBXGroup;
			children = (
				18BA8A121EB14E0100F218FC /* calculCoolUITests.swift */,
				18BA8A141EB14E0100F218FC /* Info.plist */,
			);
			path = calculCoolUITests;
			sourceTree = "<group>";
		};
		18BA8A201EB14E2A00F218FC /* bagage */ = {
			isa = PBXGroup;
			children = (
				18BA89F21EB14E0100F218FC /* AppDelegate.swift */,
				18BA89F91EB14E0100F218FC /* Assets.xcassets */,
				18BA89FB1EB14E0100F218FC /* LaunchScreen.storyboard */,
				18BA89FE1EB14E0100F218FC /* Info.plist */,
			);
			name = bagage;
			sourceTree = "<group>";
		};
/* End PBXGroup section */

/* Begin PBXNativeTarget section */
		18BA89EE1EB14E0100F218FC /* calculCool */ = {
			isa = PBXNativeTarget;
			buildConfigurationList = 18BA8A171EB14E0100F218FC /* Build configuration list for PBXNativeTarget "calculCool" */;
			buildPhases = (
				18BA89EB1EB14E0100F218FC /* Sources */,
				18BA89EC1EB14E0100F218FC /* Frameworks */,
				18BA89ED1EB14E0100F218FC /* Resources */,
			);
			buildRules = (
			);
			dependencies = (
			);
			name = calculCool;
			productName = calculCool;
			productReference = 18BA89EF1EB14E0100F218FC /* calculCool.app */;
			productType = "com.apple.product-type.application";
		};
		18BA8A021EB14E0100F218FC /* calculCoolTests */ = {
			isa = PBXNativeTarget;
			buildConfigurationList = 18BA8A1A1EB14E0100F218FC /* Build configuration list for PBXNativeTarget "calculCoolTests" */;
			buildPhases = (
				18BA89FF1EB14E0100F218FC /* Sources */,
				18BA8A001EB14E0100F218FC /* Frameworks */,
				18BA8A011EB14E0100F218FC /* Resources */,
			);
			buildRules = (
			);
			dependencies = (
				18BA8A051EB14E0100F218FC /* PBXTargetDependency */,
			);
			name = calculCoolTests;
			productName = calculCoolTests;
			productReference = 18BA8A031EB14E0100F218FC /* calculCoolTests.xctest */;
			productType = "com.apple.product-type.bundle.unit-test";
		};
		18BA8A0D1EB14E0100F218FC /* calculCoolUITests */ = {
			isa = PBXNativeTarget;
			buildConfigurationList = 18BA8A1D1EB14E0100F218FC /* Build configuration list for PBXNativeTarget "calculCoolUITests" */;
			buildPhases = (
				18BA8A0A1EB14E0100F218FC /* Sources */,
				18BA8A0B1EB14E0100F218FC /* Frameworks */,
				18BA8A0C1EB14E0100F218FC /* Resources */,
			);
			buildRules = (
			);
			dependencies = (
				18BA8A101EB14E0100F218FC /* PBXTargetDependency */,
			);
			name = calculCoolUITests;
			productName = calculCoolUITests;
			productReference = 18BA8A0E1EB14E0100F218FC /* calculCoolUITests.xctest */;
			productType = "com.apple.product-type.bundle.ui-testing";
		};
/* End PBXNativeTarget section */

/* Begin PBXProject section */
		18BA89E71EB14E0100F218FC /* Project object */ = {
			isa = PBXProject;
			attributes = {
				LastSwiftUpdateCheck = 0830;
				LastUpgradeCheck = 0830;
				ORGANIZATIONNAME = Apple;
				TargetAttributes = {
					18BA89EE1EB14E0100F218FC = {
						CreatedOnToolsVersion = 8.3;
						DevelopmentTeam = R3746G3P3P;
						ProvisioningStyle = Automatic;
					};
					18BA8A021EB14E0100F218FC = {
						CreatedOnToolsVersion = 8.3;
						DevelopmentTeam = R3746G3P3P;
						ProvisioningStyle = Automatic;
						TestTargetID = 18BA89EE1EB14E0100F218FC;
					};
					18BA8A0D1EB14E0100F218FC = {
						CreatedOnToolsVersion = 8.3;
						DevelopmentTeam = R3746G3P3P;
						ProvisioningStyle = Automatic;
						TestTargetID = 18BA89EE1EB14E0100F218FC;
					};
				};
			};
			buildConfigurationList = 18BA89EA1EB14E0100F218FC /* Build configuration list for PBXProject "calculCool" */;
			compatibilityVersion = "Xcode 3.2";
			developmentRegion = English;
			hasScannedForEncodings = 0;
			knownRegions = (
				en,
				Base,
			);
			mainGroup = 18BA89E61EB14E0100F218FC;
			productRefGroup = 18BA89F01EB14E0100F218FC /* Products */;
			projectDirPath = "";
			projectRoot = "";
			targets = (
				18BA89EE1EB14E0100F218FC /* calculCool */,
				18BA8A021EB14E0100F218FC /* calculCoolTests */,
				18BA8A0D1EB14E0100F218FC /* calculCoolUITests */,
			);
		};
/* End PBXProject section */

/* Begin PBXResourcesBuildPhase section */
		18BA89ED1EB14E0100F218FC /* Resources */ = {
			isa = PBXResourcesBuildPhase;
			buildActionMask = 2147483647;
			files = (
				18BA89FD1EB14E0100F218FC /* LaunchScreen.storyboard in Resources */,
				18BA89FA1EB14E0100F218FC /* Assets.xcassets in Resources */,
				18BA89F81EB14E0100F218FC /* Main.storyboard in Resources */,
			);
			runOnlyForDeploymentPostprocessing = 0;
		};
		18BA8A011EB14E0100F218FC /* Resources */ = {
			isa = PBXResourcesBuildPhase;
			buildActionMask = 2147483647;
			files = (
			);
			runOnlyForDeploymentPostprocessing = 0;
		};
		18BA8A0C1EB14E0100F218FC /* Resources */ = {
			isa = PBXResourcesBuildPhase;
			buildActionMask = 2147483647;
			files = (
			);
			runOnlyForDeploymentPostprocessing = 0;
		};
/* End PBXResourcesBuildPhase section */

/* Begin PBXSourcesBuildPhase section */
		18BA89EB1EB14E0100F218FC /* Sources */ = {
			isa = PBXSourcesBuildPhase;
			buildActionMask = 2147483647;
			files = (
				18BA89F51EB14E0100F218FC /* ViewController.swift in Sources */,
				18BA8A221EB14F0700F218FC /* myMind.swift in Sources */,
				18BA89F31EB14E0100F218FC /* AppDelegate.swift in Sources */,
			);
			runOnlyForDeploymentPostprocessing = 0;
		};
		18BA89FF1EB14E0100F218FC /* Sources */ = {
			isa = PBXSourcesBuildPhase;
			buildActionMask = 2147483647;
			files = (
				18BA8A081EB14E0100F218FC /* calculCoolTests.swift in Sources */,
			);
			runOnlyForDeploymentPostprocessing = 0;
		};
		18BA8A0A1EB14E0100F218FC /* Sources */ = {
			isa = PBXSourcesBuildPhase;
			buildActionMask = 2147483647;
			files = (
				18BA8A131EB14E0100F218FC /* calculCoolUITests.swift in Sources */,
			);
			runOnlyForDeploymentPostprocessing = 0;
		};
/* End PBXSourcesBuildPhase section */

/* Begin PBXTargetDependency section */
		18BA8A051EB14E0100F218FC /* PBXTargetDependency */ = {
			isa = PBXTargetDependency;
			target = 18BA89EE1EB14E0100F218FC /* calculCool */;
			targetProxy = 18BA8A041EB14E0100F218FC /* PBXContainerItemProxy */;
		};
		18BA8A101EB14E0100F218FC /* PBXTargetDependency */ = {
			isa = PBXTargetDependency;
			target = 18BA89EE1EB14E0100F218FC /* calculCool */;
			targetProxy = 18BA8A0F1EB14E0100F218FC /* PBXContainerItemProxy */;
		};
/* End PBXTargetDependency section */

/* Begin PBXVariantGroup section */
		18BA89F61EB14E0100F218FC /* Main.storyboard */ = {
			isa = PBXVariantGroup;
			children = (
				18BA89F71EB14E0100F218FC /* Base */,
			);
			name = Main.storyboard;
			sourceTree = "<group>";
		};
		18BA89FB1EB14E0100F218FC /* LaunchScreen.storyboard */ = {
			isa = PBXVariantGroup;
			children = (
				18BA89FC1EB14E0100F218FC /* Base */,
			);
			name = LaunchScreen.storyboard;
			sourceTree = "<group>";
		};
/* End PBXVariantGroup section */

/* Begin XCBuildConfiguration section */
		18BA8A151EB14E0100F218FC /* Debug */ = {
			isa = XCBuildConfiguration;
			buildSettings = {
				ALWAYS_SEARCH_USER_PATHS = NO;
				CLANG_ANALYZER_NONNULL = YES;
				CLANG_ANALYZER_NUMBER_OBJECT_CONVERSION = YES_AGGRESSIVE;
				CLANG_CXX_LANGUAGE_STANDARD = "gnu++0x";
				CLANG_CXX_LIBRARY = "libc++";
				CLANG_ENABLE_MODULES = YES;
				CLANG_ENABLE_OBJC_ARC = YES;
				CLANG_WARN_BOOL_CONVERSION = YES;
				CLANG_WARN_CONSTANT_CONVERSION = YES;
				CLANG_WARN_DIRECT_OBJC_ISA_USAGE = YES_ERROR;
				CLANG_WARN_DOCUMENTATION_COMMENTS = YES;
				CLANG_WARN_EMPTY_BODY = YES;
				CLANG_WARN_ENUM_CONVERSION = YES;
				CLANG_WARN_INFINITE_RECURSION = YES;
				CLANG_WARN_INT_CONVERSION = YES;
				CLANG_WARN_OBJC_ROOT_CLASS = YES_ERROR;
				CLANG_WARN_SUSPICIOUS_MOVE = YES;
				CLANG_WARN_UNREACHABLE_CODE = YES;
				CLANG_WARN__DUPLICATE_METHOD_MATCH = YES;
				"CODE_SIGN_IDENTITY[sdk=iphoneos*]" = "iPhone Developer";
				COPY_PHASE_STRIP = NO;
				DEBUG_INFORMATION_FORMAT = dwarf;
				ENABLE_STRICT_OBJC_MSGSEND = YES;
				ENABLE_TESTABILITY = YES;
				GCC_C_LANGUAGE_STANDARD = gnu99;
				GCC_DYNAMIC_NO_PIC = NO;
				GCC_NO_COMMON_BLOCKS = YES;
				GCC_OPTIMIZATION_LEVEL = 0;
				GCC_PREPROCESSOR_DEFINITIONS = (
					"DEBUG=1",
					"$(inherited)",
				);
				GCC_WARN_64_TO_32_BIT_CONVERSION = YES;
				GCC_WARN_ABOUT_RETURN_TYPE = YES_ERROR;
				GCC_WARN_UNDECLARED_SELECTOR = YES;
				GCC_WARN_UNINITIALIZED_AUTOS = YES_AGGRESSIVE;
				GCC_WARN_UNUSED_FUNCTION = YES;
				GCC_WARN_UNUSED_VARIABLE = YES;
				IPHONEOS_DEPLOYMENT_TARGET = 10.3;
				MTL_ENABLE_DEBUG_INFO = YES;
				ONLY_ACTIVE_ARCH = YES;
				SDKROOT = iphoneos;
				SWIFT_ACTIVE_COMPILATION_CONDITIONS = DEBUG;
				SWIFT_OPTIMIZATION_LEVEL = "-Onone";
				TARGETED_DEVICE_FAMILY = "1,2";
			};
			name = Debug;
		};
		18BA8A161EB14E0100F218FC /* Release */ = {
			isa = XCBuildConfiguration;
			buildSettings = {
				ALWAYS_SEARCH_USER_PATHS = NO;
				CLANG_ANALYZER_NONNULL = YES;
				CLANG_ANALYZER_NUMBER_OBJECT_CONVERSION = YES_AGGRESSIVE;
				CLANG_CXX_LANGUAGE_STANDARD = "gnu++0x";
				CLANG_CXX_LIBRARY = "libc++";
				CLANG_ENABLE_MODULES = YES;
				CLANG_ENABLE_OBJC_ARC = YES;
				CLANG_WARN_BOOL_CONVERSION = YES;
				CLANG_WARN_CONSTANT_CONVERSION = YES;
				CLANG_WARN_DIRECT_OBJC_ISA_USAGE = YES_ERROR;
				CLANG_WARN_DOCUMENTATION_COMMENTS = YES;
				CLANG_WARN_EMPTY_BODY = YES;
				CLANG_WARN_ENUM_CONVERSION = YES;
				CLANG_WARN_INFINITE_RECURSION = YES;
				CLANG_WARN_INT_CONVERSION = YES;
				CLANG_WARN_OBJC_ROOT_CLASS = YES_ERROR;
				CLANG_WARN_SUSPICIOUS_MOVE = YES;
				CLANG_WARN_UNREACHABLE_CODE = YES;
				CLANG_WARN__DUPLICATE_METHOD_MATCH = YES;
				"CODE_SIGN_IDENTITY[sdk=iphoneos*]" = "iPhone Developer";
				COPY_PHASE_STRIP = NO;
				DEBUG_INFORMATION_FORMAT = "dwarf-with-dsym";
				ENABLE_NS_ASSERTIONS = NO;
				ENABLE_STRICT_OBJC_MSGSEND = YES;
				GCC_C_LANGUAGE_STANDARD = gnu99;
				GCC_NO_COMMON_BLOCKS = YES;
				GCC_WARN_64_TO_32_BIT_CONVERSION = YES;
				GCC_WARN_ABOUT_RETURN_TYPE = YES_ERROR;
				GCC_WARN_UNDECLARED_SELECTOR = YES;
				GCC_WARN_UNINITIALIZED_AUTOS = YES_AGGRESSIVE;
				GCC_WARN_UNUSED_FUNCTION = YES;
				GCC_WARN_UNUSED_VARIABLE = YES;
				IPHONEOS_DEPLOYMENT_TARGET = 10.3;
				MTL_ENABLE_DEBUG_INFO = NO;
				SDKROOT = iphoneos;
				SWIFT_OPTIMIZATION_LEVEL = "-Owholemodule";
				TARGETED_DEVICE_FAMILY = "1,2";
				VALIDATE_PRODUCT = YES;
			};
			name = Release;
		};
		18BA8A181EB14E0100F218FC /* Debug */ = {
			isa = XCBuildConfiguration;
			buildSettings = {
				ASSETCATALOG_COMPILER_APPICON_NAME = AppIcon;
				DEVELOPMENT_TEAM = R3746G3P3P;
				INFOPLIST_FILE = calculCool/Info.plist;
				IPHONEOS_DEPLOYMENT_TARGET = 9.1;
				LD_RUNPATH_SEARCH_PATHS = "$(inherited) @executable_path/Frameworks";
				PRODUCT_BUNDLE_IDENTIFIER = Skalov.project.calculCool;
				PRODUCT_NAME = "$(TARGET_NAME)";
				SWIFT_VERSION = 3.0;
			};
			name = Debug;
		};
		18BA8A191EB14E0100F218FC /* Release */ = {
			isa = XCBuildConfiguration;
			buildSettings = {
				ASSETCATALOG_COMPILER_APPICON_NAME = AppIcon;
				DEVELOPMENT_TEAM = R3746G3P3P;
				INFOPLIST_FILE = calculCool/Info.plist;
				IPHONEOS_DEPLOYMENT_TARGET = 9.1;
				LD_RUNPATH_SEARCH_PATHS = "$(inherited) @executable_path/Frameworks";
				PRODUCT_BUNDLE_IDENTIFIER = Skalov.project.calculCool;
				PRODUCT_NAME = "$(TARGET_NAME)";
				SWIFT_VERSION = 3.0;
			};
			name = Release;
		};
		18BA8A1B1EB14E0100F218FC /* Debug */ = {
			isa = XCBuildConfiguration;
			buildSettings = {
				ALWAYS_EMBED_SWIFT_STANDARD_LIBRARIES = YES;
				BUNDLE_LOADER = "$(TEST_HOST)";
				DEVELOPMENT_TEAM = R3746G3P3P;
				INFOPLIST_FILE = calculCoolTests/Info.plist;
				LD_RUNPATH_SEARCH_PATHS = "$(inherited) @executable_path/Frameworks @loader_path/Frameworks";
				PRODUCT_BUNDLE_IDENTIFIER = Skalov.project.calculCoolTests;
				PRODUCT_NAME = "$(TARGET_NAME)";
				SWIFT_VERSION = 3.0;
				TEST_HOST = "$(BUILT_PRODUCTS_DIR)/calculCool.app/calculCool";
			};
			name = Debug;
		};
		18BA8A1C1EB14E0100F218FC /* Release */ = {
			isa = XCBuildConfiguration;
			buildSettings = {
				ALWAYS_EMBED_SWIFT_STANDARD_LIBRARIES = YES;
				BUNDLE_LOADER = "$(TEST_HOST)";
				DEVELOPMENT_TEAM = R3746G3P3P;
				INFOPLIST_FILE = calculCoolTests/Info.plist;
				LD_RUNPATH_SEARCH_PATHS = "$(inherited) @executable_path/Frameworks @loader_path/Frameworks";
				PRODUCT_BUNDLE_IDENTIFIER = Skalov.project.calculCoolTests;
				PRODUCT_NAME = "$(TARGET_NAME)";
				SWIFT_VERSION = 3.0;
				TEST_HOST = "$(BUILT_PRODUCTS_DIR)/calculCool.app/calculCool";
			};
			name = Release;
		};
		18BA8A1E1EB14E0100F218FC /* Debug */ = {
			isa = XCBuildConfiguration;
			buildSettings = {
				ALWAYS_EMBED_SWIFT_STANDARD_LIBRARIES = YES;
				DEVELOPMENT_TEAM = R3746G3P3P;
				INFOPLIST_FILE = calculCoolUITests/Info.plist;
				LD_RUNPATH_SEARCH_PATHS = "$(inherited) @executable_path/Frameworks @loader_path/Frameworks";
				PRODUCT_BUNDLE_IDENTIFIER = Skalov.project.calculCoolUITests;
				PRODUCT_NAME = "$(TARGET_NAME)";
				SWIFT_VERSION = 3.0;
				TEST_TARGET_NAME = calculCool;
			};
			name = Debug;
		};
		18BA8A1F1EB14E0100F218FC /* Release */ = {
			isa = XCBuildConfiguration;
			buildSettings = {
				ALWAYS_EMBED_SWIFT_STANDARD_LIBRARIES = YES;
				DEVELOPMENT_TEAM = R3746G3P3P;
				INFOPLIST_FILE = calculCoolUITests/Info.plist;
				LD_RUNPATH_SEARCH_PATHS = "$(inherited) @executable_path/Frameworks @loader_path/Frameworks";
				PRODUCT_BUNDLE_IDENTIFIER = Skalov.project.calculCoolUITests;
				PRODUCT_NAME = "$(TARGET_NAME)";
				SWIFT_VERSION = 3.0;
				TEST_TARGET_NAME = calculCool;
			};
			name = Release;
		};
/* End XCBuildConfiguration section */

/* Begin XCConfigurationList section */
		18BA89EA1EB14E0100F218FC /* Build configuration list for PBXProject "calculCool" */ = {
			isa = XCConfigurationList;
			buildConfigurations = (
				18BA8A151EB14E0100F218FC /* Debug */,
				18BA8A161EB14E0100F218FC /* Release */,
			);
			defaultConfigurationIsVisible = 0;
			defaultConfigurationName = Release;
		};
		18BA8A171EB14E0100F218FC /* Build configuration list for PBXNativeTarget "calculCool" */ = {
			isa = XCConfigurationList;
			buildConfigurations = (
				18BA8A181EB14E0100F218FC /* Debug */,
				18BA8A191EB14E0100F218FC /* Release */,
			);
			defaultConfigurationIsVisible = 0;
		};
		18BA8A1A1EB14E0100F218FC /* Build configuration list for PBXNativeTarget "calculCoolTests" */ = {
			isa = XCConfigurationList;
			buildConfigurations = (
				18BA8A1B1EB14E0100F218FC /* Debug */,
				18BA8A1C1EB14E0100F218FC /* Release */,
			);
			defaultConfigurationIsVisible = 0;
		};
		18BA8A1D1EB14E0100F218FC /* Build configuration list for PBXNativeTarget "calculCoolUITests" */ = {
			isa = XCConfigurationList;
			buildConfigurations = (
				18BA8A1E1EB14E0100F218FC /* Debug */,
				18BA8A1F1EB14E0100F218FC /* Release */,
			);
			defaultConfigurationIsVisible = 0;
		};
/* End XCConfigurationList section */
	};
	rootObject = 18BA89E71EB14E0100F218FC /* Project object */;
}
